schema: '2.0'
stages:
  train@bernstein_flow:
    cmd: python scripts/multivariate_unconditional.py --log-level info --log-file
      train_bernstein_flow.log --experiment-name unconditional-moons train@bernstein_flow
      results/bernstein_flow
    deps:
    - path: scripts/multivariate_unconditional.py
      hash: md5
      md5: d1460d9baf3fcc112941dfd2b9eddd8c
      size: 4062
    params:
      params.yaml:
        common.data_kwds:
          n_samples: 2000
          noise: 0.05
          scale: true
        common.dataset: moons
        common.seed: 1
        distributions.bernstein_flow:
          distribution_kwds: &id001
            order: 25
            low: -3
            high: 3
            smooth_bounds: true
            allow_flexible_bounds: true
          parameter_kwds:
            dtype: float32
          fit_kwds: &id002
            epochs: 1000
            validation_split: 0.1
            batch_size: 32
            learning_rate: 0.001
            lr_patience: 10
        distributions.bernstein_flow.distribution_kwds: *id001
        distributions.bernstein_flow.fit_kwds: *id002
    outs:
    - path: results/bernstein_flow/metrics.yaml
      hash: md5
      md5: d3b51c1656029c5dc8c342897ad69555
      size: 57
  train@multivariate_bernstein_flow:
    cmd: python scripts/multivariate_unconditional.py --log-level info --log-file
      train_multivariate_bernstein_flow.log --experiment-name unconditional-moons
      train@multivariate_bernstein_flow results/multivariate_bernstein_flow
    deps:
    - path: scripts/multivariate_unconditional.py
      hash: md5
      md5: d1460d9baf3fcc112941dfd2b9eddd8c
      size: 4062
    params:
      params.yaml:
        common.data_kwds:
          n_samples: 2000
          noise: 0.05
          scale: true
        common.dataset: moons
        common.seed: 1
        distributions.multivariate_bernstein_flow:
          distribution_kwds: &id003
            order: 25
            low: -3
            high: 3
            smooth_bounds: true
            allow_flexible_bounds: true
          parameter_kwds:
            dtype: float32
          fit_kwds: &id004
            epochs: 1000
            validation_split: 0.1
            batch_size: 32
            learning_rate: 0.001
            lr_patience: 10
        distributions.multivariate_bernstein_flow.distribution_kwds: *id003
        distributions.multivariate_bernstein_flow.fit_kwds: *id004
    outs:
    - path: results/multivariate_bernstein_flow/metrics.yaml
      hash: md5
      md5: e90ea06dbe615305e2df912bbc9abbbb
      size: 58
  train@multivariate_normal:
    cmd: python scripts/multivariate_unconditional.py --log-level info --log-file
      train_multivariate_normal.log --experiment-name unconditional-moons train@multivariate_normal
      results/multivariate_normal
    deps:
    - path: scripts/multivariate_unconditional.py
      hash: md5
      md5: d1460d9baf3fcc112941dfd2b9eddd8c
      size: 4062
    params:
      params.yaml:
        common.data_kwds:
          n_samples: 2000
          noise: 0.05
          scale: true
        common.dataset: moons
        common.seed: 1
        distributions.multivariate_normal:
          distribution_kwds: &id005 {}
          parameter_kwds:
            dtype: float32
          fit_kwds: &id006
            epochs: 1000
            validation_split: 0.1
            batch_size: 32
            learning_rate: 0.001
            lr_patience: 10
        distributions.multivariate_normal.distribution_kwds: *id005
        distributions.multivariate_normal.fit_kwds: *id006
    outs:
    - path: results/multivariate_normal/metrics.yaml
      hash: md5
      md5: 4aa46ad1b617ea9be3d690a39e735db7
      size: 53
  train@masked_autoregressive_bernstein_flow:
    cmd: python scripts/multivariate_unconditional.py --log-level info --log-file
      train_masked_autoregressive_bernstein_flow.log --experiment-name unconditional-moons
      train@masked_autoregressive_bernstein_flow results/masked_autoregressive_bernstein_flow
    deps:
    - path: scripts/multivariate_unconditional.py
      hash: md5
      md5: d1460d9baf3fcc112941dfd2b9eddd8c
      size: 4062
    params:
      params.yaml:
        common.data_kwds:
          n_samples: 2000
          noise: 0.05
          scale: true
        common.dataset: moons
        common.seed: 1
        distributions.masked_autoregressive_bernstein_flow:
          distribution_kwds: &id007
            order: 25
            low: -3
            high: 3
            smooth_bounds: true
            allow_flexible_bounds: true
          parameter_kwds:
            hidden_units:
            - 16
            - 16
            activation: relu
          fit_kwds: &id008
            epochs: 1000
            validation_split: 0.1
            batch_size: 32
            learning_rate: 0.001
            lr_patience: 10
        distributions.masked_autoregressive_bernstein_flow.distribution_kwds: *id007
        distributions.masked_autoregressive_bernstein_flow.fit_kwds: *id008
    outs:
    - path: results/masked_autoregressive_bernstein_flow/metrics.yaml
      hash: md5
      md5: ae9290253df9d8e1a7797cb31d68ba4e
      size: 56
  train@coupling_bernstein_flow:
    cmd: python scripts/multivariate_unconditional.py --log-level info --log-file
      train_coupling_bernstein_flow.log --experiment-name unconditional-moons train@coupling_bernstein_flow
      results/coupling_bernstein_flow
    deps:
    - path: scripts/multivariate_unconditional.py
      hash: md5
      md5: d1460d9baf3fcc112941dfd2b9eddd8c
      size: 4062
    params:
      params.yaml:
        common.data_kwds:
          n_samples: 2000
          noise: 0.05
          scale: true
        common.dataset: moons
        common.seed: 1
        distributions.coupling_bernstein_flow.distribution_kwds:
          order: 25
          low: -3
          high: 3
          smooth_bounds: true
          allow_flexible_bounds: true
          coupling_layers: 2
        distributions.coupling_bernstein_flow.fit_kwds:
          epochs: 1000
          validation_split: 0.1
          batch_size: 32
          learning_rate: 0.001
          lr_patience: 10
        distributions.coupling_bernstein_flow.parameter_kwds:
          hidden_units:
          - 16
          - 16
          - 16
          - 16
          activation: relu
          batch_norm: false,
    outs:
    - path: results/coupling_bernstein_flow/metrics.yaml
      hash: md5
      md5: 6308705a16df2d799e5bd5c742ede27b
      size: 55
  train@bernstein_flow-moons:
    cmd: python scripts/multivariate_unconditional.py --log-level info --log-file
      results/bernstein_flow_moons/train.log --experiment-name unconditional-moons
      train bernstein_flow moons results/bernstein_flow_moons
    deps:
    - path: pyproject.toml
      hash: md5
      md5: 84237d9f1a204a45dcf80941f23c02dd
      size: 1035
    - path: scripts/multivariate_unconditional.py
      hash: md5
      md5: 36e4283c42db8a72c874f42127424497
      size: 8926
    - path: src/mctm
      hash: md5
      md5: f12214df7171da695ef75e95e1f62414.dir
      size: 44950
      nfiles: 25
    params:
      params.yaml:
        common.data_kwds.n_samples: 2000
        common.data_kwds.noise: 0.05
        common.data_kwds.scale: true
        common.seed: 1
        distributions.bernstein_flow*:
          distribution_kwds:
            order: 25
            low: -3
            high: 3
            smooth_bounds: true
            allow_flexible_bounds: true
          parameter_kwds:
            dtype: float32
          fit_kwds:
            epochs: 5
            validation_split: 0.1
            batch_size: 32
            learning_rate: 0.001
            lr_patience: 10
            verbose: true
            monitor: val_loss
        log-level: info
    outs:
    - path: results/bernstein_flow_moons/mcp
      hash: md5
      md5: f8862ea440664da6b15bea6fdbd02137.dir
      size: 2262
      nfiles: 3
    - path: results/bernstein_flow_moons/metrics.yaml
      hash: md5
      md5: 6c56ab19e2c40b16477f894d7b4b1e47
      size: 53
    - path: results/bernstein_flow_moons/train.log
      hash: md5
      md5: a8e2bb25d31a3f605c69d1adb25c4d13
      size: 909
  train@bernstein_flow-circles:
    cmd: python scripts/multivariate_unconditional.py --log-level info --log-file
      results/bernstein_flow_circles/train.log --experiment-name unconditional-circles
      train bernstein_flow circles results/bernstein_flow_circles
    deps:
    - path: pyproject.toml
      hash: md5
      md5: 84237d9f1a204a45dcf80941f23c02dd
      size: 1035
    - path: scripts/multivariate_unconditional.py
      hash: md5
      md5: 36e4283c42db8a72c874f42127424497
      size: 8926
    - path: src/mctm
      hash: md5
      md5: f12214df7171da695ef75e95e1f62414.dir
      size: 44950
      nfiles: 25
    params:
      params.yaml:
        common.data_kwds.n_samples: 2000
        common.data_kwds.noise: 0.05
        common.data_kwds.scale: true
        common.seed: 1
        distributions.bernstein_flow*:
          distribution_kwds:
            order: 25
            low: -3
            high: 3
            smooth_bounds: true
            allow_flexible_bounds: true
          parameter_kwds:
            dtype: float32
          fit_kwds:
            epochs: 5
            validation_split: 0.1
            batch_size: 32
            learning_rate: 0.001
            lr_patience: 10
            verbose: true
            monitor: val_loss
        log-level: info
    outs:
    - path: results/bernstein_flow_circles/mcp
      hash: md5
      md5: 0ff64552c3d093b42fcefdff661c2aa0.dir
      size: 2262
      nfiles: 3
    - path: results/bernstein_flow_circles/metrics.yaml
      hash: md5
      md5: 70dcba05fa55fb0e22b5b0b8a03c88b5
      size: 54
    - path: results/bernstein_flow_circles/train.log
      hash: md5
      md5: 5e82d14fa80205d471c7f10e1a6d0297
      size: 912
  train@multivariate_bernstein_flow-moons:
    cmd: python scripts/multivariate_unconditional.py --log-level info --log-file
      results/multivariate_bernstein_flow_moons/train.log --experiment-name unconditional-moons
      train multivariate_bernstein_flow moons results/multivariate_bernstein_flow_moons
    deps:
    - path: pyproject.toml
      hash: md5
      md5: 84237d9f1a204a45dcf80941f23c02dd
      size: 1035
    - path: scripts/multivariate_unconditional.py
      hash: md5
      md5: 36e4283c42db8a72c874f42127424497
      size: 8926
    - path: src/mctm
      hash: md5
      md5: f12214df7171da695ef75e95e1f62414.dir
      size: 44950
      nfiles: 25
    params:
      params.yaml:
        common.data_kwds.n_samples: 2000
        common.data_kwds.noise: 0.05
        common.data_kwds.scale: true
        common.seed: 1
        distributions.multivariate_bernstein_flow*:
          distribution_kwds:
            order: 25
            low: -3
            high: 3
            smooth_bounds: true
            allow_flexible_bounds: true
          parameter_kwds:
            dtype: float32
          fit_kwds:
            epochs: 5
            validation_split: 0.1
            batch_size: 32
            learning_rate: 0.001
            lr_patience: 10
            verbose: true
            monitor: val_loss
        log-level: info
    outs:
    - path: results/multivariate_bernstein_flow_moons/mcp
      hash: md5
      md5: 469bb211d6dec207b3a93dd4b714e5d5.dir
      size: 2286
      nfiles: 3
    - path: results/multivariate_bernstein_flow_moons/metrics.yaml
      hash: md5
      md5: 63af17a2dac0a0d4e0e272304b767af6
      size: 54
    - path: results/multivariate_bernstein_flow_moons/train.log
      hash: md5
      md5: d4555c935d16e843174db809a52fdda3
      size: 923
  train@multivariate_bernstein_flow-circles:
    cmd: python scripts/multivariate_unconditional.py --log-level info --log-file
      results/multivariate_bernstein_flow_circles/train.log --experiment-name unconditional-circles
      train multivariate_bernstein_flow circles results/multivariate_bernstein_flow_circles
    deps:
    - path: pyproject.toml
      hash: md5
      md5: 84237d9f1a204a45dcf80941f23c02dd
      size: 1035
    - path: scripts/multivariate_unconditional.py
      hash: md5
      md5: 36e4283c42db8a72c874f42127424497
      size: 8926
    - path: src/mctm
      hash: md5
      md5: f12214df7171da695ef75e95e1f62414.dir
      size: 44950
      nfiles: 25
    params:
      params.yaml:
        common.data_kwds.n_samples: 2000
        common.data_kwds.noise: 0.05
        common.data_kwds.scale: true
        common.seed: 1
        distributions.multivariate_bernstein_flow*:
          distribution_kwds:
            order: 25
            low: -3
            high: 3
            smooth_bounds: true
            allow_flexible_bounds: true
          parameter_kwds:
            dtype: float32
          fit_kwds:
            epochs: 5
            validation_split: 0.1
            batch_size: 32
            learning_rate: 0.001
            lr_patience: 10
            verbose: true
            monitor: val_loss
        log-level: info
    outs:
    - path: results/multivariate_bernstein_flow_circles/mcp
      hash: md5
      md5: 7807f13676f1df04b8a4543e26c2455c.dir
      size: 2286
      nfiles: 3
    - path: results/multivariate_bernstein_flow_circles/metrics.yaml
      hash: md5
      md5: 69a161727b671854a032183639d50e26
      size: 52
    - path: results/multivariate_bernstein_flow_circles/train.log
      hash: md5
      md5: 6495da82fe1f37dfa3b047897b3fefa9
      size: 923
  train@multivariate_normal-moons:
    cmd: python scripts/multivariate_unconditional.py --log-level info --log-file
      results/multivariate_normal_moons/train.log --experiment-name unconditional-moons
      train multivariate_normal moons results/multivariate_normal_moons
    deps:
    - path: pyproject.toml
      hash: md5
      md5: 84237d9f1a204a45dcf80941f23c02dd
      size: 1035
    - path: scripts/multivariate_unconditional.py
      hash: md5
      md5: 36e4283c42db8a72c874f42127424497
      size: 8926
    - path: src/mctm
      hash: md5
      md5: f12214df7171da695ef75e95e1f62414.dir
      size: 44950
      nfiles: 25
    params:
      params.yaml:
        common.data_kwds.n_samples: 2000
        common.data_kwds.noise: 0.05
        common.data_kwds.scale: true
        common.seed: 1
        distributions.multivariate_normal*:
          distribution_kwds: {}
          parameter_kwds:
            dtype: float32
          fit_kwds:
            epochs: 5
            validation_split: 0.1
            batch_size: 32
            learning_rate: 0.001
            lr_patience: 10
            verbose: true
            monitor: val_loss
        log-level: info
    outs:
    - path: results/multivariate_normal_moons/mcp
      hash: md5
      md5: b6f46fd82a26429966cebd20e8bf4ddc.dir
      size: 1699
      nfiles: 3
    - path: results/multivariate_normal_moons/metrics.yaml
      hash: md5
      md5: 82a51beb7bb3e17c2e78eb158a2a6ea2
      size: 53
    - path: results/multivariate_normal_moons/train.log
      hash: md5
      md5: 3e64318b967560ab092204a4c0145f5d
      size: 918
  train@multivariate_normal-circles:
    cmd: python scripts/multivariate_unconditional.py --log-level info --log-file
      results/multivariate_normal_circles/train.log --experiment-name unconditional-circles
      train multivariate_normal circles results/multivariate_normal_circles
    deps:
    - path: pyproject.toml
      hash: md5
      md5: 84237d9f1a204a45dcf80941f23c02dd
      size: 1035
    - path: scripts/multivariate_unconditional.py
      hash: md5
      md5: 36e4283c42db8a72c874f42127424497
      size: 8926
    - path: src/mctm
      hash: md5
      md5: f12214df7171da695ef75e95e1f62414.dir
      size: 44950
      nfiles: 25
    params:
      params.yaml:
        common.data_kwds.n_samples: 2000
        common.data_kwds.noise: 0.05
        common.data_kwds.scale: true
        common.seed: 1
        distributions.multivariate_normal*:
          distribution_kwds: {}
          parameter_kwds:
            dtype: float32
          fit_kwds:
            epochs: 5
            validation_split: 0.1
            batch_size: 32
            learning_rate: 0.001
            lr_patience: 10
            verbose: true
            monitor: val_loss
        log-level: info
    outs:
    - path: results/multivariate_normal_circles/mcp
      hash: md5
      md5: 011422700133e43545f49b7fca2b048b.dir
      size: 1699
      nfiles: 3
    - path: results/multivariate_normal_circles/metrics.yaml
      hash: md5
      md5: 45f0612511277a5be4dbe64f9d049bf8
      size: 54
    - path: results/multivariate_normal_circles/train.log
      hash: md5
      md5: 17a3b76c96fa429f3d39596aff567245
      size: 921
  train@masked_autoregressive_bernstein_flow-moons:
    cmd: python scripts/multivariate_unconditional.py --log-level info --log-file
      results/masked_autoregressive_bernstein_flow_moons/train.log --experiment-name
      unconditional-moons train masked_autoregressive_bernstein_flow moons results/masked_autoregressive_bernstein_flow_moons
    deps:
    - path: pyproject.toml
      hash: md5
      md5: 84237d9f1a204a45dcf80941f23c02dd
      size: 1035
    - path: scripts/multivariate_unconditional.py
      hash: md5
      md5: 36e4283c42db8a72c874f42127424497
      size: 8926
    - path: src/mctm
      hash: md5
      md5: f12214df7171da695ef75e95e1f62414.dir
      size: 44950
      nfiles: 25
    params:
      params.yaml:
        common.data_kwds.n_samples: 2000
        common.data_kwds.noise: 0.05
        common.data_kwds.scale: true
        common.seed: 1
        distributions.masked_autoregressive_bernstein_flow*:
          distribution_kwds:
            order: 25
            low: -3
            high: 3
            smooth_bounds: true
            allow_flexible_bounds: true
          parameter_kwds:
            hidden_units:
            - 16
            - 16
            activation: relu
          fit_kwds:
            epochs: 5
            validation_split: 0.1
            batch_size: 32
            learning_rate: 0.001
            lr_patience: 10
            verbose: true
            monitor: val_loss
        log-level: info
    outs:
    - path: results/masked_autoregressive_bernstein_flow_moons/mcp
      hash: md5
      md5: 2cee38799bd1344400b8c06db1e3c0b9.dir
      size: 18470
      nfiles: 3
    - path: results/masked_autoregressive_bernstein_flow_moons/metrics.yaml
      hash: md5
      md5: 2bf3f92629526ac3e20bc91eb17e5bd5
      size: 54
    - path: results/masked_autoregressive_bernstein_flow_moons/train.log
      hash: md5
      md5: 69fdfa49932005ba908e60de02331c0c
      size: 960
  train@coupling_bernstein_flow-circles:
    cmd: python scripts/multivariate_unconditional.py --log-level info --log-file
      results/coupling_bernstein_flow_circles/train.log --experiment-name unconditional-circles
      train coupling_bernstein_flow circles results/coupling_bernstein_flow_circles
    deps:
    - path: pyproject.toml
      hash: md5
      md5: 84237d9f1a204a45dcf80941f23c02dd
      size: 1035
    - path: scripts/multivariate_unconditional.py
      hash: md5
      md5: 36e4283c42db8a72c874f42127424497
      size: 8926
    - path: src/mctm
      hash: md5
      md5: f12214df7171da695ef75e95e1f62414.dir
      size: 44950
      nfiles: 25
    params:
      params.yaml:
        common.data_kwds.n_samples: 2000
        common.data_kwds.noise: 0.05
        common.data_kwds.scale: true
        common.seed: 1
        distributions.coupling_bernstein_flow*:
          distribution_kwds:
            order: 25
            low: -3
            high: 3
            smooth_bounds: true
            allow_flexible_bounds: true
            coupling_layers: 2
          parameter_kwds:
            hidden_units:
            - 16
            - 16
            - 16
            - 16
            activation: relu
            batch_norm: false,
          fit_kwds:
            epochs: 5
            validation_split: 0.1
            batch_size: 32
            learning_rate: 0.001
            lr_patience: 10
            verbose: true
            monitor: val_loss
        log-level: info
    outs:
    - path: results/coupling_bernstein_flow_circles/mcp
      hash: md5
      md5: bb211981f1e0731c2385d047c5e5f362.dir
      size: 16504
      nfiles: 3
    - path: results/coupling_bernstein_flow_circles/metrics.yaml
      hash: md5
      md5: c070325033a7845caa64917931df5571
      size: 55
    - path: results/coupling_bernstein_flow_circles/train.log
      hash: md5
      md5: 4b4a07e9a00ed28d8dec31cc68a4d328
      size: 1004
  train@coupling_bernstein_flow-moons:
    cmd: python scripts/multivariate_unconditional.py --log-level info --log-file
      results/coupling_bernstein_flow_moons/train.log --experiment-name unconditional-moons
      train coupling_bernstein_flow moons results/coupling_bernstein_flow_moons
    deps:
    - path: pyproject.toml
      hash: md5
      md5: 84237d9f1a204a45dcf80941f23c02dd
      size: 1035
    - path: scripts/multivariate_unconditional.py
      hash: md5
      md5: 36e4283c42db8a72c874f42127424497
      size: 8926
    - path: src/mctm
      hash: md5
      md5: f12214df7171da695ef75e95e1f62414.dir
      size: 44950
      nfiles: 25
    params:
      params.yaml:
        common.data_kwds.n_samples: 2000
        common.data_kwds.noise: 0.05
        common.data_kwds.scale: true
        common.seed: 1
        distributions.coupling_bernstein_flow*:
          distribution_kwds:
            order: 25
            low: -3
            high: 3
            smooth_bounds: true
            allow_flexible_bounds: true
            coupling_layers: 2
          parameter_kwds:
            hidden_units:
            - 16
            - 16
            - 16
            - 16
            activation: relu
            batch_norm: false,
          fit_kwds:
            epochs: 5
            validation_split: 0.1
            batch_size: 32
            learning_rate: 0.001
            lr_patience: 10
            verbose: true
            monitor: val_loss
        log-level: info
    outs:
    - path: results/coupling_bernstein_flow_moons/mcp
      hash: md5
      md5: 9cdb0403957d958b7230f6a2435822eb.dir
      size: 16504
      nfiles: 3
    - path: results/coupling_bernstein_flow_moons/metrics.yaml
      hash: md5
      md5: be27ef2b1b0f7b1a7428f50569fe8274
      size: 55
    - path: results/coupling_bernstein_flow_moons/train.log
      hash: md5
      md5: 70b48f8ab47d13d0b7d774ad8f5739f6
      size: 1002
  train@masked_autoregressive_bernstein_flow-circles:
    cmd: python scripts/multivariate_unconditional.py --log-level info --log-file
      results/masked_autoregressive_bernstein_flow_circles/train.log --experiment-name
      unconditional-circles train masked_autoregressive_bernstein_flow circles results/masked_autoregressive_bernstein_flow_circles
    deps:
    - path: pyproject.toml
      hash: md5
      md5: 84237d9f1a204a45dcf80941f23c02dd
      size: 1035
    - path: scripts/multivariate_unconditional.py
      hash: md5
      md5: 36e4283c42db8a72c874f42127424497
      size: 8926
    - path: src/mctm
      hash: md5
      md5: f12214df7171da695ef75e95e1f62414.dir
      size: 44950
      nfiles: 25
    params:
      params.yaml:
        common.data_kwds.n_samples: 2000
        common.data_kwds.noise: 0.05
        common.data_kwds.scale: true
        common.seed: 1
        distributions.masked_autoregressive_bernstein_flow*:
          distribution_kwds:
            order: 25
            low: -3
            high: 3
            smooth_bounds: true
            allow_flexible_bounds: true
          parameter_kwds:
            hidden_units:
            - 16
            - 16
            activation: relu
          fit_kwds:
            epochs: 5
            validation_split: 0.1
            batch_size: 32
            learning_rate: 0.001
            lr_patience: 10
            verbose: true
            monitor: val_loss
        log-level: info
    outs:
    - path: results/masked_autoregressive_bernstein_flow_circles/mcp
      hash: md5
      md5: edfd2850978e4730d4146517a95beb57.dir
      size: 18470
      nfiles: 3
    - path: results/masked_autoregressive_bernstein_flow_circles/metrics.yaml
      hash: md5
      md5: 40165beb749c45f0290dd2c4324a07bf
      size: 54
    - path: results/masked_autoregressive_bernstein_flow_circles/train.log
      hash: md5
      md5: 2f589b97d6cb2988937ec2ae0ae20ce6
      size: 962
